
Microsoft Visual Studio Solution File, Format Version 12.00
# Visual Studio 2012
Project("{FAE04EC0-301F-11D3-BF4B-00C04F79EFBC}") = "PartialKeyVerification", "PartialKeyVerification.csproj", "{7C70CFD7-9183-4286-B822-EF851F6DEA32}"
EndProject
Project("{FAE04EC0-301F-11D3-BF4B-00C04F79EFBC}") = "PartialKeyTests", "..\PartialKeyTests\PartialKeyTests.csproj", "{7C4DAEB1-E85E-44EE-A693-7B1693103DAD}"
EndProject
Global
	GlobalSection(SolutionConfigurationPlatforms) = preSolution
		Debug|Any CPU = Debug|Any CPU
		Release|Any CPU = Release|Any CPU
	EndGlobalSection
	GlobalSection(ProjectConfigurationPlatforms) = postSolution
		{7C70CFD7-9183-4286-B822-EF851F6DEA32}.Debug|Any CPU.ActiveCfg = Debug|Any CPU
		{7C70CFD7-9183-4286-B822-EF851F6DEA32}.Debug|Any CPU.Build.0 = Debug|Any CPU
		{7C70CFD7-9183-4286-B822-EF851F6DEA32}.Release|Any CPU.ActiveCfg = Release|Any CPU
		{7C70CFD7-9183-4286-B822-EF851F6DEA32}.Release|Any CPU.Build.0 = Release|Any CPU
		{7C4DAEB1-E85E-44EE-A693-7B1693103DAD}.Debug|Any CPU.ActiveCfg = Debug|Any CPU
		{7C4DAEB1-E85E-44EE-A693-7B1693103DAD}.Debug|Any CPU.Build.0 = Debug|Any CPU
		{7C4DAEB1-E85E-44EE-A693-7B1693103DAD}.Release|Any CPU.ActiveCfg = Release|Any CPU
		{7C4DAEB1-E85E-44EE-A693-7B1693103DAD}.Release|Any CPU.Build.0 = Release|Any CPU
	EndGlobalSection
	GlobalSection(SolutionProperties) = preSolution
		HideSolutionNode = FALSE
	EndGlobalSection
EndGlobal
